# This file was autogenerated by Stack.
# You should not edit this file by hand.
# For more information, please see the documentation at:
#   https://docs.haskellstack.org/en/stable/lock_files

packages:
- completed:
    hackage: serialise-0.2.0.0@sha256:6ee31f26c0f53874caa9db07d94de4cf3d2200116a272d582f3e03e456fe78f3,9092
    pantry-tree:
      size: 4407
      sha256: 72e57caaaeb36319156b4b1b669c94a9b8a69c086c6f40b058d22d182797948b
  original:
    hackage: serialise-0.2.0.0
- completed:
    hackage: cborg-0.2.0.0@sha256:6092e8418808b3a48f96b4098e90b584f89487a5f0ded2e9d28fe88bce81ac20,3155
    pantry-tree:
      size: 1156
      sha256: b24df9045448c64c94af090f21e4d3b6efa0d5fbc718a067040ed6f2add4c88e
  original:
    hackage: cborg-0.2.0.0
- completed:
    hackage: timers-updatable-0.2.0.2@sha256:8dc262bb1324c02eae4251f2b0f78109d1a6133754d5ae845778908abda43858,946
    pantry-tree:
      size: 295
      sha256: 54f276f79be8ffff4aa0d3b290e3d9b3ebbb0feb5a2ec889a413ce92d235d042
  original:
    hackage: timers-updatable-0.2.0.2
- completed:
    hackage: time-units-1.0.0@sha256:27cf54091c4a0ca73d504fc11d5c31ab4041d17404fe3499945e2055697746c1,928
    pantry-tree:
      size: 212
      sha256: 9b516d4195fcea22cd1f4335cfe210e88deca397ba7dacc494d5a2feb69e1af8
  original:
    hackage: time-units-1.0.0
- completed:
    hackage: digest-pure-0.0.3@sha256:00c74b63ce6f7c2a9eae1e2f11794d5935b187ee254ddb854edee501aeb77495,2127
    pantry-tree:
      size: 367
      sha256: a948da5c3ca38ad7183f9e7ddde402b3fb593649c269591eaaf5a9f463ba0808
  original:
    hackage: digest-pure-0.0.3
- completed:
    hackage: DRBG-0.5.5@sha256:3b8040bed356e2b63927a27fb6d5adbd19d70c9e1d1bb66111bbeb33e56900eb,2259
    pantry-tree:
      size: 896
      sha256: 586ee2257b255cb7f2a3663711199f9de9e70445ce7cb192f5af07dd66eadac2
  original:
    hackage: DRBG-0.5.5
- completed:
    hackage: stm-containers-1.0.1@sha256:ef1d9aae34f4f6ad245cde95153559da7d7903ae64ab3648d63a64f6ced48e7f,3165
    pantry-tree:
      size: 697
      sha256: 3f7783c5486e531a22db92f040bcc4e4d8941e76844c75180882dc85fa9c8a88
  original:
    hackage: stm-containers-1.0.1
- completed:
    hackage: either-unwrap-1.1@sha256:bd9a8cc3ce127b0f922db4da0b3eb25036034406dd40c954d3f8aa6fe5aab313,605
    pantry-tree:
      size: 219
      sha256: eb3a3ac2c3190da776e9481e8e763ada0a4c9067d08f36d61cd0333172c90f20
  original:
    hackage: either-unwrap-1.1
- completed:
    hackage: raaz-0.2.1@sha256:3bde0b19942613d435d0199c54b96292edcd645b11e25ee3145ab29749798d5d,13644
    pantry-tree:
      size: 8697
      sha256: 61b1dc751b8975175e691b8e1370a249ea523943e40746193c42293a9afc8a03
  original:
    hackage: raaz-0.2.1
- completed:
    hackage: network-2.8.0.1@sha256:0f165dffa752d8cde30c2bde86f80609c4f1dc5eeb3182d593041f97839c5b3b,3011
    pantry-tree:
      size: 2488
      sha256: 2dbdda2225969dcd452d983a2ac7e52341e5fc1df76103342c9fac08fc686931
  original:
    hackage: network-2.8.0.1
- completed:
    hackage: queue-0.1.2@sha256:4efac395db09637ec7b667dc09b74ff80e0b83452088540e1d1b2ec262f4defa,1312
    pantry-tree:
      size: 413
      sha256: b5b7354ae3452e5ac12db165f0c625c67e02ab6206c8c7a5c2497403e671f70f
  original:
    hackage: queue-0.1.2
- completed:
    hackage: stm-hamt-1.1.2@sha256:339b543bbb0797d9d1cd99cb3c665b6e667c935c4fccca87c2f4944ab734c861,4011
    pantry-tree:
      size: 1092
      sha256: 2a70ed1e5d769519a6f4f088b19797670a6f8f8ea2df1c2ad87adb785415fae5
  original:
    hackage: stm-hamt-1.1.2
- completed:
    hackage: primitive-0.6.4.0@sha256:5b6a2c3cc70a35aabd4565fcb9bb1dd78fe2814a36e62428a9a1aae8c32441a1,2079
    pantry-tree:
      size: 1517
      sha256: 5d5e591311664886e88ade3da6880c32adf0d1fe80c55f40a3c93bb91df8fdeb
  original:
    hackage: primitive-0.6.4.0
- completed:
    hackage: primitive-extras-0.6.6@sha256:61cf2e69f3afb498acd753934d4db96686937775add6b0b919843daa72bb4274,2946
    pantry-tree:
      size: 1181
      sha256: 7b0a47b707535bb2bd8b6ec4b6baf696c3c93c3f2d6929ea71ec2d0a45c6e7c4
  original:
    hackage: primitive-extras-0.6.6
- completed:
    hackage: deferred-folds-0.6.12@sha256:265c73d61bb5141bcb0b98786e4485709f45f184a87c951004388c2a7ea7fac6,1532
    pantry-tree:
      size: 376
      sha256: 438824225d381ce7b62b21319c3ddb6d11c0683b11f26ab029f5162395d582ca
  original:
    hackage: deferred-folds-0.6.12
- completed:
    hackage: focus-1@sha256:bca501effc37563c112df24ca76305bd5bc6a4d70371a0e5ea162546ccf15992,2068
    pantry-tree:
      size: 272
      sha256: fed6464f1e54113238acf850c499797a6116893604e9a3c66a89b58a89299bf9
  original:
    hackage: focus-1
- completed:
    hackage: tinylog-0.15.0@sha256:5f5d1bf917f03c74401bd5f6e9d7af8c1286064ca5a22fcc336646712b7dd014,1616
    pantry-tree:
      size: 527
      sha256: f26c665b702c8874fc28edc90d75a1acb3ccae967e131ff6d062af3837e32537
  original:
    hackage: tinylog-0.15.0
snapshots:
- completed:
    size: 523700
    url: https://raw.githubusercontent.com/commercialhaskell/stackage-snapshots/master/lts/14/7.yaml
    sha256: 8e3f3c894be74d71fa4bf085e0a8baae7e4d7622d07ea31a52736b80f8b9bb1a
  original: lts-14.7
